
Microsoft Visual Studio Solution File, Format Version 12.00
# Visual Studio 14
VisualStudioVersion = 14.0.25420.1
MinimumVisualStudioVersion = 10.0.40219.1
Project("{FAE04EC0-301F-11D3-BF4B-00C04F79EFBC}") = "sdi3-23.Cli-SOAPcsharp", "sdi3-23.Cli-SOAPcsharp\sdi3-23.Cli-SOAPcsharp.csproj", "{2976B3E5-4123-42BE-B4B4-94735DDA7C35}"
EndProject
Project("{FAE04EC0-301F-11D3-BF4B-00C04F79EFBC}") = "Consola", "Console\Consola.csproj", "{45BF43BE-256C-487C-9B23-98FC71FDA93D}"
EndProject
Project("{FAE04EC0-301F-11D3-BF4B-00C04F79EFBC}") = "log", "ClassLibrary1\log.csproj", "{8185822D-7FEF-4D59-9C7F-567388D35E88}"
EndProject
Project("{FAE04EC0-301F-11D3-BF4B-00C04F79EFBC}") = "Menu", "Menu\Menu.csproj", "{B0D0F5E8-DF97-4BE3-8CE9-13B78EF01482}"
EndProject
Global
	GlobalSection(SolutionConfigurationPlatforms) = preSolution
		Debug|Any CPU = Debug|Any CPU
		Release|Any CPU = Release|Any CPU
	EndGlobalSection
	GlobalSection(ProjectConfigurationPlatforms) = postSolution
		{2976B3E5-4123-42BE-B4B4-94735DDA7C35}.Debug|Any CPU.ActiveCfg = Debug|Any CPU
		{2976B3E5-4123-42BE-B4B4-94735DDA7C35}.Debug|Any CPU.Build.0 = Debug|Any CPU
		{2976B3E5-4123-42BE-B4B4-94735DDA7C35}.Release|Any CPU.ActiveCfg = Release|Any CPU
		{2976B3E5-4123-42BE-B4B4-94735DDA7C35}.Release|Any CPU.Build.0 = Release|Any CPU
		{45BF43BE-256C-487C-9B23-98FC71FDA93D}.Debug|Any CPU.ActiveCfg = Debug|Any CPU
		{45BF43BE-256C-487C-9B23-98FC71FDA93D}.Debug|Any CPU.Build.0 = Debug|Any CPU
		{45BF43BE-256C-487C-9B23-98FC71FDA93D}.Release|Any CPU.ActiveCfg = Release|Any CPU
		{45BF43BE-256C-487C-9B23-98FC71FDA93D}.Release|Any CPU.Build.0 = Release|Any CPU
		{8185822D-7FEF-4D59-9C7F-567388D35E88}.Debug|Any CPU.ActiveCfg = Debug|Any CPU
		{8185822D-7FEF-4D59-9C7F-567388D35E88}.Debug|Any CPU.Build.0 = Debug|Any CPU
		{8185822D-7FEF-4D59-9C7F-567388D35E88}.Release|Any CPU.ActiveCfg = Release|Any CPU
		{8185822D-7FEF-4D59-9C7F-567388D35E88}.Release|Any CPU.Build.0 = Release|Any CPU
		{B0D0F5E8-DF97-4BE3-8CE9-13B78EF01482}.Debug|Any CPU.ActiveCfg = Debug|Any CPU
		{B0D0F5E8-DF97-4BE3-8CE9-13B78EF01482}.Debug|Any CPU.Build.0 = Debug|Any CPU
		{B0D0F5E8-DF97-4BE3-8CE9-13B78EF01482}.Release|Any CPU.ActiveCfg = Release|Any CPU
		{B0D0F5E8-DF97-4BE3-8CE9-13B78EF01482}.Release|Any CPU.Build.0 = Release|Any CPU
	EndGlobalSection
	GlobalSection(SolutionProperties) = preSolution
		HideSolutionNode = FALSE
	EndGlobalSection
EndGlobal
